// !$*UTF8*$!
{
	archiveVersion = 1;
	classes = {
	};
	objectVersion = 77;
	objects = {

/* Begin PBXBuildFile section */
		BBBF000100000001006CCD14 /* VideoToolbox.framework in Frameworks */ = {isa = PBXBuildFile; fileRef = BBFR000100000001006CCD14 /* VideoToolbox.framework */; };
		BBBF000100000002006CCD14 /* CoreMedia.framework in Frameworks */ = {isa = PBXBuildFile; fileRef = BBFR000100000002006CCD14 /* CoreMedia.framework */; };
		BBBF000100000003006CCD14 /* AVFoundation.framework in Frameworks */ = {isa = PBXBuildFile; fileRef = BBFR000100000003006CCD14 /* AVFoundation.framework */; };
		BBBF000100000004006CCD14 /* CoreVideo.framework in Frameworks */ = {isa = PBXBuildFile; fileRef = BBFR000100000004006CCD14 /* CoreVideo.framework */; };
		BBBF000100000005006CCD14 /* ReplayKit.framework in Frameworks */ = {isa = PBXBuildFile; fileRef = BBFR000100000005006CCD14 /* ReplayKit.framework */; };
		BBEX00010000000D006CCD14 /* broadcast.appex in Embed App Extensions */ = {isa = PBXBuildFile; fileRef = BBEX000100000002006CCD14 /* broadcast.appex */; settings = {ATTRIBUTES = (RemoveHeadersOnCopy, ); }; };
		BBEX000100000010006CCD14 /* ReplayKit.framework in Frameworks */ = {isa = PBXBuildFile; fileRef = BBFR000100000005006CCD14 /* ReplayKit.framework */; };
		BBEX000100000011006CCD14 /* VideoToolbox.framework in Frameworks */ = {isa = PBXBuildFile; fileRef = BBFR000100000001006CCD14 /* VideoToolbox.framework */; };
		BBEX000100000012006CCD14 /* CoreMedia.framework in Frameworks */ = {isa = PBXBuildFile; fileRef = BBFR000100000002006CCD14 /* CoreMedia.framework */; };
		BBEX000100000013006CCD14 /* AVFoundation.framework in Frameworks */ = {isa = PBXBuildFile; fileRef = BBFR000100000003006CCD14 /* AVFoundation.framework */; };
		BBEX000100000014006CCD14 /* CoreVideo.framework in Frameworks */ = {isa = PBXBuildFile; fileRef = BBFR000100000004006CCD14 /* CoreVideo.framework */; };
		BBEX000100000016006CCD14 /* Accelerate.framework in Frameworks */ = {isa = PBXBuildFile; fileRef = BBFR000100000006006CCD14 /* Accelerate.framework */; };
/* End PBXBuildFile section */

/* Begin PBXContainerItemProxy section */
		BBEX00010000000F006CCD14 /* PBXContainerItemProxy */ = {
			isa = PBXContainerItemProxy;
			containerPortal = BB1620B33011D2F4006CCD14 /* Project object */;
			proxyType = 1;
			remoteGlobalIDString = BBEX000100000001006CCD14;
			remoteInfo = broadcast;
		};
/* End PBXContainerItemProxy section */

/* Begin PBXCopyFilesBuildPhase section */
		BBEX00010000000C006CCD14 /* Embed App Extensions */ = {
			isa = PBXCopyFilesBuildPhase;
			buildActionMask = 2147483647;
			dstPath = "";
			dstSubfolderSpec = 13;
			files = (
				BBEX00010000000D006CCD14 /* broadcast.appex in Embed App Extensions */,
			);
			name = "Embed App Extensions";
			runOnlyForDeploymentPostprocessing = 0;
		};
/* End PBXCopyFilesBuildPhase section */

/* Begin PBXFileReference section */
		BB1620BB3011D2F4006CCD14 /* app.app */ = {isa = PBXFileReference; explicitFileType = wrapper.application; includeInIndex = 0; path = app.app; sourceTree = BUILT_PRODUCTS_DIR; };
		BBEX000100000002006CCD14 /* broadcast.appex */ = {isa = PBXFileReference; explicitFileType = "wrapper.app-extension"; includeInIndex = 0; path = broadcast.appex; sourceTree = BUILT_PRODUCTS_DIR; };
		BBFR000100000001006CCD14 /* VideoToolbox.framework */ = {isa = PBXFileReference; lastKnownFileType = wrapper.framework; name = VideoToolbox.framework; path = System/Library/Frameworks/VideoToolbox.framework; sourceTree = SDKROOT; };
		BBFR000100000002006CCD14 /* CoreMedia.framework */ = {isa = PBXFileReference; lastKnownFileType = wrapper.framework; name = CoreMedia.framework; path = System/Library/Frameworks/CoreMedia.framework; sourceTree = SDKROOT; };
		BBFR000100000003006CCD14 /* AVFoundation.framework */ = {isa = PBXFileReference; lastKnownFileType = wrapper.framework; name = AVFoundation.framework; path = System/Library/Frameworks/AVFoundation.framework; sourceTree = SDKROOT; };
		BBFR000100000004006CCD14 /* CoreVideo.framework */ = {isa = PBXFileReference; lastKnownFileType = wrapper.framework; name = CoreVideo.framework; path = System/Library/Frameworks/CoreVideo.framework; sourceTree = SDKROOT; };
		BBFR000100000005006CCD14 /* ReplayKit.framework */ = {isa = PBXFileReference; lastKnownFileType = wrapper.framework; name = ReplayKit.framework; path = System/Library/Frameworks/ReplayKit.framework; sourceTree = SDKROOT; };
		BBFR000100000006006CCD14 /* Accelerate.framework */ = {isa = PBXFileReference; lastKnownFileType = wrapper.framework; name = Accelerate.framework; path = System/Library/Frameworks/Accelerate.framework; sourceTree = SDKROOT; };
/* End PBXFileReference section */

/* Begin PBXFileSystemSynchronizedBuildFileExceptionSet section */
		BBEX000100000015006CCD14 /* Exceptions for "broadcast" folder in "broadcast" target */ = {
			isa = PBXFileSystemSynchronizedBuildFileExceptionSet;
			membershipExceptions = (
				Info.plist,
			);
			target = BBEX000100000001006CCD14 /* broadcast */;
		};
/* End PBXFileSystemSynchronizedBuildFileExceptionSet section */

/* Begin PBXFileSystemSynchronizedRootGroup section */
		BB1620BD3011D2F4006CCD14 /* app */ = {
			isa = PBXFileSystemSynchronizedRootGroup;
			path = app;
			sourceTree = "<group>";
		};
		BBEX00010000000A006CCD14 /* broadcast */ = {
			isa = PBXFileSystemSynchronizedRootGroup;
			exceptions = (
				BBEX000100000015006CCD14 /* Exceptions for "broadcast" folder in "broadcast" target */,
			);
			path = broadcast;
			sourceTree = "<group>";
		};
		BBEX00010000000B006CCD14 /* ios-shared */ = {
			isa = PBXFileSystemSynchronizedRootGroup;
			name = "ios-shared";
			path = shared;
			sourceTree = "<group>";
		};
		BBSG000100000001006CCD14 /* shared */ = {
			isa = PBXFileSystemSynchronizedRootGroup;
			name = shared;
			path = ../apple/swift;
			sourceTree = "<group>";
		};
/* End PBXFileSystemSynchronizedRootGroup section */

/* Begin PBXFrameworksBuildPhase section */
		BB1620B83011D2F4006CCD14 /* Frameworks */ = {
			isa = PBXFrameworksBuildPhase;
			buildActionMask = 2147483647;
			files = (
				BBBF000100000001006CCD14 /* VideoToolbox.framework in Frameworks */,
				BBBF000100000002006CCD14 /* CoreMedia.framework in Frameworks */,
				BBBF000100000003006CCD14 /* AVFoundation.framework in Frameworks */,
				BBBF000100000004006CCD14 /* CoreVideo.framework in Frameworks */,
				BBBF000100000005006CCD14 /* ReplayKit.framework in Frameworks */,
			);
			runOnlyForDeploymentPostprocessing = 0;
		};
		BBEX000100000004006CCD14 /* Frameworks */ = {
			isa = PBXFrameworksBuildPhase;
			buildActionMask = 2147483647;
			files = (
				BBEX000100000010006CCD14 /* ReplayKit.framework in Frameworks */,
				BBEX000100000011006CCD14 /* VideoToolbox.framework in Frameworks */,
				BBEX000100000012006CCD14 /* CoreMedia.framework in Frameworks */,
				BBEX000100000013006CCD14 /* AVFoundation.framework in Frameworks */,
				BBEX000100000014006CCD14 /* CoreVideo.framework in Frameworks */,
				BBEX000100000016006CCD14 /* Accelerate.framework in Frameworks */,
			);
			runOnlyForDeploymentPostprocessing = 0;
		};
/* End PBXFrameworksBuildPhase section */

/* Begin PBXGroup section */
		BB1620B23011D2F4006CCD14 = {
			isa = PBXGroup;
			children = (
				BB1620BD3011D2F4006CCD14 /* app */,
				BBEX00010000000A006CCD14 /* broadcast */,
				BBEX00010000000B006CCD14 /* ios-shared */,
				BBSG000100000001006CCD14 /* shared */,
				BBGR000100000001006CCD14 /* Frameworks */,
				BB1620BC3011D2F4006CCD14 /* Products */,
			);
			sourceTree = "<group>";
		};
		BB1620BC3011D2F4006CCD14 /* Products */ = {
			isa = PBXGroup;
			children = (
				BB1620BB3011D2F4006CCD14 /* app.app */,
				BBEX000100000002006CCD14 /* broadcast.appex */,
			);
			name = Products;
			sourceTree = "<group>";
		};
		BBGR000100000001006CCD14 /* Frameworks */ = {
			isa = PBXGroup;
			children = (
				BBFR000100000001006CCD14 /* VideoToolbox.framework */,
				BBFR000100000002006CCD14 /* CoreMedia.framework */,
				BBFR000100000003006CCD14 /* AVFoundation.framework */,
				BBFR000100000004006CCD14 /* CoreVideo.framework */,
				BBFR000100000005006CCD14 /* ReplayKit.framework */,
				BBFR000100000006006CCD14 /* Accelerate.framework */,
			);
			name = Frameworks;
			sourceTree = "<group>";
		};
/* End PBXGroup section */

/* Begin PBXNativeTarget section */
		BB1620BA3011D2F4006CCD14 /* app */ = {
			isa = PBXNativeTarget;
			buildConfigurationList = BB1620C63011D2F5006CCD14 /* Build configuration list for PBXNativeTarget "app" */;
			buildPhases = (
				BBSH000100000001006CCD14 /* Build libcore.a (CMake) */,
				BB1620B73011D2F4006CCD14 /* Sources */,
				BB1620B83011D2F4006CCD14 /* Frameworks */,
				BB1620B93011D2F4006CCD14 /* Resources */,
				BBSH000100000002006CCD14 /* Bundle third-party notices */,
				BBEX00010000000C006CCD14 /* Embed App Extensions */,
			);
			buildRules = (
			);
			dependencies = (
				BBEX00010000000E006CCD14 /* PBXTargetDependency */,
			);
			fileSystemSynchronizedGroups = (
				BB1620BD3011D2F4006CCD14 /* app */,
				BBEX00010000000B006CCD14 /* ios-shared */,
				BBSG000100000001006CCD14 /* shared */,
			);
			name = app;
			packageProductDependencies = (
			);
			productName = app;
			productReference = BB1620BB3011D2F4006CCD14 /* app.app */;
			productType = "com.apple.product-type.application";
		};
		BBEX000100000001006CCD14 /* broadcast */ = {
			isa = PBXNativeTarget;
			buildConfigurationList = BBEX000100000007006CCD14 /* Build configuration list for PBXNativeTarget "broadcast" */;
			buildPhases = (
				BBEX000100000006006CCD14 /* Build libcore.a (CMake) */,
				BBEX000100000003006CCD14 /* Sources */,
				BBEX000100000004006CCD14 /* Frameworks */,
				BBEX000100000005006CCD14 /* Resources */,
			);
			buildRules = (
			);
			dependencies = (
			);
			fileSystemSynchronizedGroups = (
				BBEX00010000000A006CCD14 /* broadcast */,
				BBEX00010000000B006CCD14 /* ios-shared */,
			);
			name = broadcast;
			packageProductDependencies = (
			);
			productName = broadcast;
			productReference = BBEX000100000002006CCD14 /* broadcast.appex */;
			productType = "com.apple.product-type.app-extension";
		};
/* End PBXNativeTarget section */

/* Begin PBXProject section */
		BB1620B33011D2F4006CCD14 /* Project object */ = {
			isa = PBXProject;
			attributes = {
				BuildIndependentTargetsInParallel = 1;
				LastSwiftUpdateCheck = 2660;
				LastUpgradeCheck = 2660;
				TargetAttributes = {
					BB1620BA3011D2F4006CCD14 = {
						CreatedOnToolsVersion = 26.6;
					};
					BBEX000100000001006CCD14 = {
						CreatedOnToolsVersion = 26.6;
					};
				};
			};
			buildConfigurationList = BB1620B63011D2F4006CCD14 /* Build configuration list for PBXProject "Deskhub" */;
			developmentRegion = en;
			hasScannedForEncodings = 0;
			knownRegions = (
				en,
				Base,
			);
			mainGroup = BB1620B23011D2F4006CCD14;
			minimizedProjectReferenceProxies = 1;
			preferredProjectObjectVersion = 77;
			productRefGroup = BB1620BC3011D2F4006CCD14 /* Products */;
			projectDirPath = "";
			projectRoot = "";
			targets = (
				BB1620BA3011D2F4006CCD14 /* app */,
				BBEX000100000001006CCD14 /* broadcast */,
			);
		};
/* End PBXProject section */

/* Begin PBXResourcesBuildPhase section */
		BB1620B93011D2F4006CCD14 /* Resources */ = {
			isa = PBXResourcesBuildPhase;
			buildActionMask = 2147483647;
			files = (
			);
			runOnlyForDeploymentPostprocessing = 0;
		};
		BBEX000100000005006CCD14 /* Resources */ = {
			isa = PBXResourcesBuildPhase;
			buildActionMask = 2147483647;
			files = (
			);
			runOnlyForDeploymentPostprocessing = 0;
		};
/* End PBXResourcesBuildPhase section */

/* Begin PBXShellScriptBuildPhase section */
		BBEX000100000006006CCD14 /* Build libcore.a (CMake) */ = {
			isa = PBXShellScriptBuildPhase;
			alwaysOutOfDate = 1;
			buildActionMask = 2147483647;
			files = (
			);
			inputFileListPaths = (
			);
			inputPaths = (
			);
			name = "Build libcore.a (CMake)";
			outputFileListPaths = (
			);
			outputPaths = (
			);
			runOnlyForDeploymentPostprocessing = 0;
			shellPath = /bin/bash;
			shellScript = "set -euo pipefail\nexport PATH=\"/opt/homebrew/bin:/usr/local/bin:$PATH\"\nBUILD_DIR=\"$SRCROOT/../../out/build/ios-core/$PLATFORM_NAME-$CONFIGURATION\"\ncmake -S \"$SRCROOT/../..\" -B \"$BUILD_DIR\" -G \"Unix Makefiles\" \\\n    -DCMAKE_BUILD_TYPE=\"$CONFIGURATION\" \\\n    -DCMAKE_SYSTEM_NAME=iOS \\\n    -DCMAKE_OSX_SYSROOT=\"$SDKROOT\" \\\n    -DCMAKE_OSX_ARCHITECTURES=\"$(echo \"$ARCHS\" | tr ' ' ';')\" \\\n    -DCMAKE_OSX_DEPLOYMENT_TARGET=\"$IPHONEOS_DEPLOYMENT_TARGET\" \\\n    -DDESKHUB_CORE_TESTS=OFF\ncmake --build \"$BUILD_DIR\" --target platform -j \"$(sysctl -n hw.ncpu)\"\n";
		};
		BBSH000100000001006CCD14 /* Build libcore.a (CMake) */ = {
			isa = PBXShellScriptBuildPhase;
			alwaysOutOfDate = 1;
			buildActionMask = 2147483647;
			files = (
			);
			inputFileListPaths = (
			);
			inputPaths = (
			);
			name = "Build libcore.a (CMake)";
			outputFileListPaths = (
			);
			outputPaths = (
			);
			runOnlyForDeploymentPostprocessing = 0;
			shellPath = /bin/bash;
			shellScript = "set -euo pipefail\nexport PATH=\"/opt/homebrew/bin:/usr/local/bin:$PATH\"\nBUILD_DIR=\"$SRCROOT/../../out/build/ios-core/$PLATFORM_NAME-$CONFIGURATION\"\ncmake -S \"$SRCROOT/../..\" -B \"$BUILD_DIR\" -G \"Unix Makefiles\" \\\n    -DCMAKE_BUILD_TYPE=\"$CONFIGURATION\" \\\n    -DCMAKE_SYSTEM_NAME=iOS \\\n    -DCMAKE_OSX_SYSROOT=\"$SDKROOT\" \\\n    -DCMAKE_OSX_ARCHITECTURES=\"$(echo \"$ARCHS\" | tr ' ' ';')\" \\\n    -DCMAKE_OSX_DEPLOYMENT_TARGET=\"$IPHONEOS_DEPLOYMENT_TARGET\" \\\n    -DDESKHUB_CORE_TESTS=OFF\ncmake --build \"$BUILD_DIR\" --target platform -j \"$(sysctl -n hw.ncpu)\"\n";
		};
		BBSH000100000002006CCD14 /* Bundle third-party notices */ = {
			isa = PBXShellScriptBuildPhase;
			alwaysOutOfDate = 1;
			buildActionMask = 2147483647;
			files = (
			);
			inputFileListPaths = (
			);
			inputPaths = (
			);
			name = "Bundle third-party notices";
			outputFileListPaths = (
			);
			outputPaths = (
			);
			runOnlyForDeploymentPostprocessing = 0;
			shellPath = /bin/bash;
			shellScript = "set -euo pipefail\n\"$SRCROOT/../../scripts/stage-licenses.sh\" apple \"$TARGET_BUILD_DIR/$UNLOCALIZED_RESOURCES_FOLDER_PATH\"\n";
		};
/* End PBXShellScriptBuildPhase section */

/* Begin PBXSourcesBuildPhase section */
		BB1620B73011D2F4006CCD14 /* Sources */ = {
			isa = PBXSourcesBuildPhase;
			buildActionMask = 2147483647;
			files = (
			);
			runOnlyForDeploymentPostprocessing = 0;
		};
		BBEX000100000003006CCD14 /* Sources */ = {
			isa = PBXSourcesBuildPhase;
			buildActionMask = 2147483647;
			files = (
			);
			runOnlyForDeploymentPostprocessing = 0;
		};
/* End PBXSourcesBuildPhase section */

/* Begin PBXTargetDependency section */
		BBEX00010000000E006CCD14 /* PBXTargetDependency */ = {
			isa = PBXTargetDependency;
			target = BBEX000100000001006CCD14 /* broadcast */;
			targetProxy = BBEX00010000000F006CCD14 /* PBXContainerItemProxy */;
		};
/* End PBXTargetDependency section */

/* Begin XCBuildConfiguration section */
		BB1620C43011D2F5006CCD14 /* Debug */ = {
			isa = XCBuildConfiguration;
			buildSettings = {
				ALWAYS_SEARCH_USER_PATHS = NO;
				"EXCLUDED_ARCHS[sdk=iphonesimulator*]" = x86_64;
				ASSETCATALOG_COMPILER_GENERATE_SWIFT_ASSET_SYMBOL_EXTENSIONS = YES;
				CLANG_ANALYZER_NONNULL = YES;
				CLANG_ANALYZER_NUMBER_OBJECT_CONVERSION = YES_AGGRESSIVE;
				CLANG_CXX_LANGUAGE_STANDARD = "gnu++20";
				CLANG_ENABLE_MODULES = YES;
				CLANG_ENABLE_OBJC_ARC = YES;
				CLANG_ENABLE_OBJC_WEAK = YES;
				CLANG_WARN_BLOCK_CAPTURE_AUTORELEASING = YES;
				CLANG_WARN_BOOL_CONVERSION = YES;
				CLANG_WARN_COMMA = YES;
				CLANG_WARN_CONSTANT_CONVERSION = YES;
				CLANG_WARN_DEPRECATED_OBJC_IMPLEMENTATIONS = YES;
				CLANG_WARN_DIRECT_OBJC_ISA_USAGE = YES_ERROR;
				CLANG_WARN_DOCUMENTATION_COMMENTS = YES;
				CLANG_WARN_EMPTY_BODY = YES;
				CLANG_WARN_ENUM_CONVERSION = YES;
				CLANG_WARN_INFINITE_RECURSION = YES;
				CLANG_WARN_INT_CONVERSION = YES;
				CLANG_WARN_NON_LITERAL_NULL_CONVERSION = YES;
				CLANG_WARN_OBJC_IMPLICIT_RETAIN_SELF = YES;
				CLANG_WARN_OBJC_LITERAL_CONVERSION = YES;
				CLANG_WARN_OBJC_ROOT_CLASS = YES_ERROR;
				CLANG_WARN_QUOTED_INCLUDE_IN_FRAMEWORK_HEADER = YES;
				CLANG_WARN_RANGE_LOOP_ANALYSIS = YES;
				CLANG_WARN_STRICT_PROTOTYPES = YES;
				CLANG_WARN_SUSPICIOUS_MOVE = YES;
				CLANG_WARN_UNGUARDED_AVAILABILITY = YES_AGGRESSIVE;
				CLANG_WARN_UNREACHABLE_CODE = YES;
				CLANG_WARN__DUPLICATE_METHOD_MATCH = YES;
				COPY_PHASE_STRIP = NO;
				DEBUG_INFORMATION_FORMAT = dwarf;
				ENABLE_STRICT_OBJC_MSGSEND = YES;
				ENABLE_TESTABILITY = YES;
				ENABLE_USER_SCRIPT_SANDBOXING = NO;
				GCC_C_LANGUAGE_STANDARD = gnu17;
				GCC_DYNAMIC_NO_PIC = NO;
				GCC_NO_COMMON_BLOCKS = YES;
				GCC_OPTIMIZATION_LEVEL = 0;
				GCC_PREPROCESSOR_DEFINITIONS = (
					"DEBUG=1",
					"$(inherited)",
				);
				GCC_WARN_64_TO_32_BIT_CONVERSION = YES;
				GCC_WARN_ABOUT_RETURN_TYPE = YES_ERROR;
				GCC_WARN_UNDECLARED_SELECTOR = YES;
				GCC_WARN_UNINITIALIZED_AUTOS = YES_AGGRESSIVE;
				GCC_WARN_UNUSED_FUNCTION = YES;
				GCC_WARN_UNUSED_VARIABLE = YES;
				HEADER_SEARCH_PATHS = (
					"$(SRCROOT)/../../core/include",
					"$(SRCROOT)/../../platform/include",
				);
				IPHONEOS_DEPLOYMENT_TARGET = 17.0;
				LOCALIZATION_PREFERS_STRING_CATALOGS = YES;
				MTL_ENABLE_DEBUG_INFO = INCLUDE_SOURCE;
				MTL_FAST_MATH = YES;
				ONLY_ACTIVE_ARCH = YES;
				SDKROOT = iphoneos;
				SWIFT_ACTIVE_COMPILATION_CONDITIONS = "DEBUG $(inherited)";
				SWIFT_OPTIMIZATION_LEVEL = "-Onone";
			};
			name = Debug;
		};
		BB1620C53011D2F5006CCD14 /* Release */ = {
			isa = XCBuildConfiguration;
			buildSettings = {
				ALWAYS_SEARCH_USER_PATHS = NO;
				"EXCLUDED_ARCHS[sdk=iphonesimulator*]" = x86_64;
				ASSETCATALOG_COMPILER_GENERATE_SWIFT_ASSET_SYMBOL_EXTENSIONS = YES;
				CLANG_ANALYZER_NONNULL = YES;
				CLANG_ANALYZER_NUMBER_OBJECT_CONVERSION = YES_AGGRESSIVE;
				CLANG_CXX_LANGUAGE_STANDARD = "gnu++20";
				CLANG_ENABLE_MODULES = YES;
				CLANG_ENABLE_OBJC_ARC = YES;
				CLANG_ENABLE_OBJC_WEAK = YES;
				CLANG_WARN_BLOCK_CAPTURE_AUTORELEASING = YES;
				CLANG_WARN_BOOL_CONVERSION = YES;
				CLANG_WARN_COMMA = YES;
				CLANG_WARN_CONSTANT_CONVERSION = YES;
				CLANG_WARN_DEPRECATED_OBJC_IMPLEMENTATIONS = YES;
				CLANG_WARN_DIRECT_OBJC_ISA_USAGE = YES_ERROR;
				CLANG_WARN_DOCUMENTATION_COMMENTS = YES;
				CLANG_WARN_EMPTY_BODY = YES;
				CLANG_WARN_ENUM_CONVERSION = YES;
				CLANG_WARN_INFINITE_RECURSION = YES;
				CLANG_WARN_INT_CONVERSION = YES;
				CLANG_WARN_NON_LITERAL_NULL_CONVERSION = YES;
				CLANG_WARN_OBJC_IMPLICIT_RETAIN_SELF = YES;
				CLANG_WARN_OBJC_LITERAL_CONVERSION = YES;
				CLANG_WARN_OBJC_ROOT_CLASS = YES_ERROR;
				CLANG_WARN_QUOTED_INCLUDE_IN_FRAMEWORK_HEADER = YES;
				CLANG_WARN_RANGE_LOOP_ANALYSIS = YES;
				CLANG_WARN_STRICT_PROTOTYPES = YES;
				CLANG_WARN_SUSPICIOUS_MOVE = YES;
				CLANG_WARN_UNGUARDED_AVAILABILITY = YES_AGGRESSIVE;
				CLANG_WARN_UNREACHABLE_CODE = YES;
				CLANG_WARN__DUPLICATE_METHOD_MATCH = YES;
				COPY_PHASE_STRIP = NO;
				DEBUG_INFORMATION_FORMAT = "dwarf-with-dsym";
				ENABLE_NS_ASSERTIONS = NO;
				ENABLE_STRICT_OBJC_MSGSEND = YES;
				ENABLE_USER_SCRIPT_SANDBOXING = NO;
				GCC_C_LANGUAGE_STANDARD = gnu17;
				GCC_NO_COMMON_BLOCKS = YES;
				GCC_WARN_64_TO_32_BIT_CONVERSION = YES;
				GCC_WARN_ABOUT_RETURN_TYPE = YES_ERROR;
				GCC_WARN_UNDECLARED_SELECTOR = YES;
				GCC_WARN_UNINITIALIZED_AUTOS = YES_AGGRESSIVE;
				GCC_WARN_UNUSED_FUNCTION = YES;
				GCC_WARN_UNUSED_VARIABLE = YES;
				HEADER_SEARCH_PATHS = (
					"$(SRCROOT)/../../core/include",
					"$(SRCROOT)/../../platform/include",
				);
				IPHONEOS_DEPLOYMENT_TARGET = 17.0;
				LOCALIZATION_PREFERS_STRING_CATALOGS = YES;
				MTL_ENABLE_DEBUG_INFO = NO;
				MTL_FAST_MATH = YES;
				SDKROOT = iphoneos;
				SWIFT_COMPILATION_MODE = wholemodule;
				VALIDATE_PRODUCT = YES;
			};
			name = Release;
		};
		BB1620C73011D2F5006CCD14 /* Debug */ = {
			isa = XCBuildConfiguration;
			buildSettings = {
				ASSETCATALOG_COMPILER_APPICON_NAME = AppIcon;
				ASSETCATALOG_COMPILER_GLOBAL_ACCENT_COLOR_NAME = AccentColor;
				CODE_SIGN_ENTITLEMENTS = app/Deskhub.entitlements;
				CODE_SIGN_IDENTITY = "Apple Development";
				CODE_SIGN_STYLE = Automatic;
				CURRENT_PROJECT_VERSION = 1;
				DEVELOPMENT_TEAM = UPJRMYQ38F;
				ENABLE_PREVIEWS = YES;
				GENERATE_INFOPLIST_FILE = YES;
				INFOPLIST_KEY_CFBundleDisplayName = Deskhub;
				INFOPLIST_KEY_ITSAppUsesNonExemptEncryption = NO;
				INFOPLIST_KEY_NSCameraUsageDescription = "Deskhub uses the camera only while you scan a pairing QR code shown by another Deskhub host. Frames never leave this device.";
				INFOPLIST_KEY_NSLocalNetworkUsageDescription = "Deskhub needs local network access to connect to your desktop.";
				INFOPLIST_FILE = "Deskhub-Info.plist";
				INFOPLIST_KEY_NSPhotoLibraryAddUsageDescription = "When another device sends you photos or videos over a Deskhub file transfer, Deskhub saves them into your photo library so they appear in the Photos app. Deskhub only adds new items and never reads, edits, or deletes your existing photos.";
				INFOPLIST_KEY_UIApplicationSceneManifest_Generation = YES;
				INFOPLIST_KEY_UIApplicationSupportsIndirectInputEvents = YES;
				INFOPLIST_KEY_UILaunchScreen_Generation = YES;
				INFOPLIST_KEY_UISupportedInterfaceOrientations_iPad = "UIInterfaceOrientationPortrait UIInterfaceOrientationPortraitUpsideDown UIInterfaceOrientationLandscapeLeft UIInterfaceOrientationLandscapeRight";
				INFOPLIST_KEY_UISupportedInterfaceOrientations_iPhone = "UIInterfaceOrientationPortrait UIInterfaceOrientationLandscapeLeft UIInterfaceOrientationLandscapeRight";
				IPHONEOS_DEPLOYMENT_TARGET = 17.0;
				LD_RUNPATH_SEARCH_PATHS = (
					"$(inherited)",
					"@executable_path/Frameworks",
				);
				LIBRARY_SEARCH_PATHS = (
					"$(SRCROOT)/../../out/build/ios-core/$(PLATFORM_NAME)-$(CONFIGURATION)/core",
					"$(SRCROOT)/../../out/build/ios-core/$(PLATFORM_NAME)-$(CONFIGURATION)/platform",
				);
				MARKETING_VERSION = 1.0;
				OTHER_LDFLAGS = (
					"-lplatform_bundled",
					"-lcore",
					"-lc++",
				);
				PRODUCT_BUNDLE_IDENTIFIER = com.ios.deskhub;
				PRODUCT_NAME = "$(TARGET_NAME)";
				PROVISIONING_PROFILE_SPECIFIER = "";
				STRING_CATALOG_GENERATE_SYMBOLS = YES;
				SUPPORTED_PLATFORMS = "iphoneos iphonesimulator";
				SUPPORTS_MACCATALYST = NO;
				SUPPORTS_MAC_DESIGNED_FOR_IPHONE_IPAD = NO;
				SUPPORTS_XR_DESIGNED_FOR_IPHONE_IPAD = NO;
				SWIFT_EMIT_LOC_STRINGS = YES;
				SWIFT_OBJC_BRIDGING_HEADER = "app/swift/Deskhub-Bridging-Header.h";
				SWIFT_VERSION = 6.0;
				TARGETED_DEVICE_FAMILY = "1,2";
			};
			name = Debug;
		};
		BB1620C83011D2F5006CCD14 /* Release */ = {
			isa = XCBuildConfiguration;
			buildSettings = {
				ASSETCATALOG_COMPILER_APPICON_NAME = AppIcon;
				ASSETCATALOG_COMPILER_GLOBAL_ACCENT_COLOR_NAME = AccentColor;
				CODE_SIGN_ENTITLEMENTS = app/Deskhub.entitlements;
				CODE_SIGN_IDENTITY = "Apple Development";
				CODE_SIGN_STYLE = Automatic;
				CURRENT_PROJECT_VERSION = 1;
				DEVELOPMENT_TEAM = UPJRMYQ38F;
				ENABLE_PREVIEWS = YES;
				GENERATE_INFOPLIST_FILE = YES;
				INFOPLIST_KEY_CFBundleDisplayName = Deskhub;
				INFOPLIST_KEY_ITSAppUsesNonExemptEncryption = NO;
				INFOPLIST_KEY_NSCameraUsageDescription = "Deskhub uses the camera only while you scan a pairing QR code shown by another Deskhub host. Frames never leave this device.";
				INFOPLIST_KEY_NSLocalNetworkUsageDescription = "Deskhub needs local network access to connect to your desktop.";
				INFOPLIST_FILE = "Deskhub-Info.plist";
				INFOPLIST_KEY_NSPhotoLibraryAddUsageDescription = "When another device sends you photos or videos over a Deskhub file transfer, Deskhub saves them into your photo library so they appear in the Photos app. Deskhub only adds new items and never reads, edits, or deletes your existing photos.";
				INFOPLIST_KEY_UIApplicationSceneManifest_Generation = YES;
				INFOPLIST_KEY_UIApplicationSupportsIndirectInputEvents = YES;
				INFOPLIST_KEY_UILaunchScreen_Generation = YES;
				INFOPLIST_KEY_UISupportedInterfaceOrientations_iPad = "UIInterfaceOrientationPortrait UIInterfaceOrientationPortraitUpsideDown UIInterfaceOrientationLandscapeLeft UIInterfaceOrientationLandscapeRight";
				INFOPLIST_KEY_UISupportedInterfaceOrientations_iPhone = "UIInterfaceOrientationPortrait UIInterfaceOrientationLandscapeLeft UIInterfaceOrientationLandscapeRight";
				IPHONEOS_DEPLOYMENT_TARGET = 17.0;
				LD_RUNPATH_SEARCH_PATHS = (
					"$(inherited)",
					"@executable_path/Frameworks",
				);
				LIBRARY_SEARCH_PATHS = (
					"$(SRCROOT)/../../out/build/ios-core/$(PLATFORM_NAME)-$(CONFIGURATION)/core",
					"$(SRCROOT)/../../out/build/ios-core/$(PLATFORM_NAME)-$(CONFIGURATION)/platform",
				);
				MARKETING_VERSION = 1.0;
				OTHER_LDFLAGS = (
					"-lplatform_bundled",
					"-lcore",
					"-lc++",
				);
				PRODUCT_BUNDLE_IDENTIFIER = com.ios.deskhub;
				PRODUCT_NAME = "$(TARGET_NAME)";
				PROVISIONING_PROFILE_SPECIFIER = "";
				STRING_CATALOG_GENERATE_SYMBOLS = YES;
				SUPPORTED_PLATFORMS = "iphoneos iphonesimulator";
				SUPPORTS_MACCATALYST = NO;
				SUPPORTS_MAC_DESIGNED_FOR_IPHONE_IPAD = NO;
				SUPPORTS_XR_DESIGNED_FOR_IPHONE_IPAD = NO;
				SWIFT_EMIT_LOC_STRINGS = YES;
				SWIFT_OBJC_BRIDGING_HEADER = "app/swift/Deskhub-Bridging-Header.h";
				SWIFT_VERSION = 6.0;
				TARGETED_DEVICE_FAMILY = "1,2";
			};
			name = Release;
		};
		BBEX000100000008006CCD14 /* Debug */ = {
			isa = XCBuildConfiguration;
			buildSettings = {
				CODE_SIGN_ENTITLEMENTS = "broadcast/Deskhub-Broadcast.entitlements";
				CODE_SIGN_IDENTITY = "Apple Development";
				CODE_SIGN_STYLE = Automatic;
				CURRENT_PROJECT_VERSION = 1;
				DEVELOPMENT_TEAM = UPJRMYQ38F;
				GENERATE_INFOPLIST_FILE = YES;
				HEADER_SEARCH_PATHS = (
					"$(SRCROOT)/../../core/include",
					"$(SRCROOT)/../../platform/include",
					"$(SRCROOT)/broadcast/cpp",
				);
				INFOPLIST_FILE = broadcast/Info.plist;
				INFOPLIST_KEY_CFBundleDisplayName = "Deskhub Screen Sharing";
				INFOPLIST_KEY_NSLocalNetworkUsageDescription = "Deskhub sends this screen to viewers on your local network.";
				IPHONEOS_DEPLOYMENT_TARGET = 17.0;
				LD_RUNPATH_SEARCH_PATHS = (
					"$(inherited)",
					"@executable_path/Frameworks",
					"@executable_path/../../Frameworks",
				);
				LIBRARY_SEARCH_PATHS = (
					"$(SRCROOT)/../../out/build/ios-core/$(PLATFORM_NAME)-$(CONFIGURATION)/core",
					"$(SRCROOT)/../../out/build/ios-core/$(PLATFORM_NAME)-$(CONFIGURATION)/platform",
				);
				MARKETING_VERSION = 1.0;
				OTHER_LDFLAGS = (
					"-lplatform_bundled",
					"-lcore",
					"-lc++",
				);
				PRODUCT_BUNDLE_IDENTIFIER = com.ios.deskhub.broadcast;
				PRODUCT_NAME = "$(TARGET_NAME)";
				PROVISIONING_PROFILE_SPECIFIER = "";
				SKIP_INSTALL = YES;
				SUPPORTED_PLATFORMS = "iphoneos iphonesimulator";
				SWIFT_EMIT_LOC_STRINGS = YES;
				SWIFT_OBJC_BRIDGING_HEADER = "broadcast/cpp/Broadcast-Bridging-Header.h";
				SWIFT_VERSION = 6.0;
				TARGETED_DEVICE_FAMILY = "1,2";
			};
			name = Debug;
		};
		BBEX000100000009006CCD14 /* Release */ = {
			isa = XCBuildConfiguration;
			buildSettings = {
				CODE_SIGN_ENTITLEMENTS = "broadcast/Deskhub-Broadcast.entitlements";
				CODE_SIGN_IDENTITY = "Apple Development";
				CODE_SIGN_STYLE = Automatic;
				CURRENT_PROJECT_VERSION = 1;
				DEVELOPMENT_TEAM = UPJRMYQ38F;
				GENERATE_INFOPLIST_FILE = YES;
				HEADER_SEARCH_PATHS = (
					"$(SRCROOT)/../../core/include",
					"$(SRCROOT)/../../platform/include",
					"$(SRCROOT)/broadcast/cpp",
				);
				INFOPLIST_FILE = broadcast/Info.plist;
				INFOPLIST_KEY_CFBundleDisplayName = "Deskhub Screen Sharing";
				INFOPLIST_KEY_NSLocalNetworkUsageDescription = "Deskhub sends this screen to viewers on your local network.";
				IPHONEOS_DEPLOYMENT_TARGET = 17.0;
				LD_RUNPATH_SEARCH_PATHS = (
					"$(inherited)",
					"@executable_path/Frameworks",
					"@executable_path/../../Frameworks",
				);
				LIBRARY_SEARCH_PATHS = (
					"$(SRCROOT)/../../out/build/ios-core/$(PLATFORM_NAME)-$(CONFIGURATION)/core",
					"$(SRCROOT)/../../out/build/ios-core/$(PLATFORM_NAME)-$(CONFIGURATION)/platform",
				);
				MARKETING_VERSION = 1.0;
				OTHER_LDFLAGS = (
					"-lplatform_bundled",
					"-lcore",
					"-lc++",
				);
				PRODUCT_BUNDLE_IDENTIFIER = com.ios.deskhub.broadcast;
				PRODUCT_NAME = "$(TARGET_NAME)";
				PROVISIONING_PROFILE_SPECIFIER = "";
				SKIP_INSTALL = YES;
				SUPPORTED_PLATFORMS = "iphoneos iphonesimulator";
				SWIFT_EMIT_LOC_STRINGS = YES;
				SWIFT_OBJC_BRIDGING_HEADER = "broadcast/cpp/Broadcast-Bridging-Header.h";
				SWIFT_VERSION = 6.0;
				TARGETED_DEVICE_FAMILY = "1,2";
			};
			name = Release;
		};
/* End XCBuildConfiguration section */

/* Begin XCConfigurationList section */
		BB1620B63011D2F4006CCD14 /* Build configuration list for PBXProject "Deskhub" */ = {
			isa = XCConfigurationList;
			buildConfigurations = (
				BB1620C43011D2F5006CCD14 /* Debug */,
				BB1620C53011D2F5006CCD14 /* Release */,
			);
			defaultConfigurationIsVisible = 0;
			defaultConfigurationName = Release;
		};
		BB1620C63011D2F5006CCD14 /* Build configuration list for PBXNativeTarget "app" */ = {
			isa = XCConfigurationList;
			buildConfigurations = (
				BB1620C73011D2F5006CCD14 /* Debug */,
				BB1620C83011D2F5006CCD14 /* Release */,
			);
			defaultConfigurationIsVisible = 0;
			defaultConfigurationName = Release;
		};
		BBEX000100000007006CCD14 /* Build configuration list for PBXNativeTarget "broadcast" */ = {
			isa = XCConfigurationList;
			buildConfigurations = (
				BBEX000100000008006CCD14 /* Debug */,
				BBEX000100000009006CCD14 /* Release */,
			);
			defaultConfigurationIsVisible = 0;
			defaultConfigurationName = Release;
		};
/* End XCConfigurationList section */
	};
	rootObject = BB1620B33011D2F4006CCD14 /* Project object */;
}
